// !$*UTF8*$!
{
	archiveVersion = 1;
	classes = {
	};
	objectVersion = 77;
	objects = {

/* Begin PBXBuildFile section */
		3504A99D170CBE491868ED8C = {isa = PBXBuildFile; fileRef = 498CBF42CF07CE7478C5AC8E /* MultiplatformApp.swift */; };
/* End PBXBuildFile section */

/* Begin PBXFileReference section */
		498CBF42CF07CE7478C5AC8E = {isa = PBXFileReference; lastKnownFileType = sourcecode.swift; path = MultiplatformApp.swift; sourceTree = "<group>"; };
		4C05F61F016FF13B5E5F18AA = {isa = PBXFileReference; explicitFileType = wrapper.app; includeInIndex = 0; path = Multiplatform.app; sourceTree = BUILT_PRODUCTS_DIR; };
/* End PBXFileReference section */

/* Begin PBXGroup section */
		12751BBB69C7E62C2EA3648F = {
			isa = PBXGroup;
			children = (
				4C05F61F016FF13B5E5F18AA,
			);
			name = Products;
			sourceTree = "<group>";
		};
		1F1A3E3572327C6FB460EF04 = {
			isa = PBXGroup;
			children = (
				66028E9E9856AA5557E1F906,
				12751BBB69C7E62C2EA3648F,
			);
			sourceTree = "<group>";
		};
		66028E9E9856AA5557E1F906 = {
			isa = PBXGroup;
			children = (
				498CBF42CF07CE7478C5AC8E /* MultiplatformApp.swift */,
			);
			path = Multiplatform;
			sourceTree = "<group>";
		};
/* End PBXGroup section */

/* Begin PBXNativeTarget section */
		D13992A107CAC99DB428DAF5 = {
			isa = PBXNativeTarget;
			buildConfigurationList = 885C810ECDABBE7952E57166;
			buildPhases = (
				EB43245E561673F0DB8F0721,
				31032829B71BC2B58326A434,
			);
			buildRules = (
			);
			dependencies = (
			);
			name = Multiplatform;
			productName = Multiplatform;
			productReference = 4C05F61F016FF13B5E5F18AA;
			productType = com.apple.product-type.application;
		};
/* End PBXNativeTarget section */

/* Begin PBXProject section */
		E9DACBF9FF88E63B47827C42 = {
			isa = PBXProject;
			attributes = {
				BuildIndependentTargetsInParallel = 1;
				LastSwiftUpdateCheck = 1600;
				LastUpgradeCheck = 1600;
			};
			buildConfigurationList = 15CF04D9694EF33F436706D0;
			developmentRegion = en;
			hasScannedForEncodings = 0;
			knownRegions = (
				en,
				Base,
			);
			mainGroup = 1F1A3E3572327C6FB460EF04;
			minimizedProjectReferenceProxies = 1;
			preferredProjectObjectVersion = 77;
			productRefGroup = 12751BBB69C7E62C2EA3648F /* Products */;
			projectDirPath = "";
			projectRoot = "";
			targets = (
				D13992A107CAC99DB428DAF5,
			);
		};
/* End PBXProject section */

/* Begin PBXResourcesBuildPhase section */
		31032829B71BC2B58326A434 = {
			isa = PBXResourcesBuildPhase;
			buildActionMask = 2147483647;
			files = (
			);
			runOnlyForDeploymentPostprocessing = 0;
		};
/* End PBXResourcesBuildPhase section */

/* Begin PBXSourcesBuildPhase section */
		EB43245E561673F0DB8F0721 = {
			isa = PBXSourcesBuildPhase;
			buildActionMask = 2147483647;
			files = (
				3504A99D170CBE491868ED8C,
			);
			runOnlyForDeploymentPostprocessing = 0;
		};
/* End PBXSourcesBuildPhase section */

/* Begin XCBuildConfiguration section */
		0C2CC6158F47902CABD3EE3C = {
			isa = XCBuildConfiguration;
			buildSettings = {
				ALWAYS_SEARCH_USER_PATHS = NO;
				DEBUG_INFORMATION_FORMAT = dwarf-with-dsym;
				ENABLE_NS_ASSERTIONS = NO;
				IPHONEOS_DEPLOYMENT_TARGET = 17.0;
				MACOSX_DEPLOYMENT_TARGET = 10.14;
				SDKROOT = auto;
				SUPPORTED_PLATFORMS = "iphoneos iphonesimulator macosx";
				SWIFT_COMPILATION_MODE = wholemodule;
				VALIDATE_PRODUCT = YES;
			};
			name = Release;
		};
		7AB3B1AC61E9B53C6FF13649 = {
			isa = XCBuildConfiguration;
			buildSettings = {
				CODE_SIGN_STYLE = Automatic;
				CURRENT_PROJECT_VERSION = 1;
				DEVELOPMENT_TEAM = ABCDE12345;
				GENERATE_INFOPLIST_FILE = YES;
				LD_RUNPATH_SEARCH_PATHS = (
					"$(inherited)",
					"@executable_path/Frameworks",
				);
				MARKETING_VERSION = 1.0.0;
				PRODUCT_BUNDLE_IDENTIFIER = com.acme.multiplatform;
				PRODUCT_NAME = "$(TARGET_NAME)";
				SWIFT_VERSION = 5.0;
				TARGETED_DEVICE_FAMILY = "1,2";
			};
			name = Release;
		};
		B1558B558F9B790A430BBED2 = {
			isa = XCBuildConfiguration;
			buildSettings = {
				CODE_SIGN_STYLE = Automatic;
				CURRENT_PROJECT_VERSION = 1;
				DEVELOPMENT_TEAM = ABCDE12345;
				GENERATE_INFOPLIST_FILE = YES;
				LD_RUNPATH_SEARCH_PATHS = (
					"$(inherited)",
					"@executable_path/Frameworks",
				);
				MARKETING_VERSION = 1.0.0;
				PRODUCT_BUNDLE_IDENTIFIER = com.acme.multiplatform;
				PRODUCT_NAME = "$(TARGET_NAME)";
				SWIFT_VERSION = 5.0;
				TARGETED_DEVICE_FAMILY = "1,2";
			};
			name = Debug;
		};
		D4CC7BC535F36C3F222E02F6 = {
			isa = XCBuildConfiguration;
			buildSettings = {
				ALWAYS_SEARCH_USER_PATHS = NO;
				DEBUG_INFORMATION_FORMAT = dwarf;
				ENABLE_TESTABILITY = YES;
				GCC_OPTIMIZATION_LEVEL = 0;
				GCC_PREPROCESSOR_DEFINITIONS = (
					"DEBUG=1",
					"$(inherited)",
				);
				IPHONEOS_DEPLOYMENT_TARGET = 17.0;
				MACOSX_DEPLOYMENT_TARGET = 10.14;
				SDKROOT = auto;
				SUPPORTED_PLATFORMS = "iphoneos iphonesimulator macosx";
				SWIFT_ACTIVE_COMPILATION_CONDITIONS = "DEBUG $(inherited)";
				SWIFT_OPTIMIZATION_LEVEL = -Onone;
			};
			name = Debug;
		};
/* End XCBuildConfiguration section */

/* Begin XCConfigurationList section */
		15CF04D9694EF33F436706D0 = {
			isa = XCConfigurationList;
			buildConfigurations = (
				D4CC7BC535F36C3F222E02F6,
				0C2CC6158F47902CABD3EE3C,
			);
			defaultConfigurationIsVisible = 0;
			defaultConfigurationName = Release;
		};
		885C810ECDABBE7952E57166 = {
			isa = XCConfigurationList;
			buildConfigurations = (
				B1558B558F9B790A430BBED2,
				7AB3B1AC61E9B53C6FF13649,
			);
			defaultConfigurationIsVisible = 0;
			defaultConfigurationName = Release;
		};
/* End XCConfigurationList section */
	};
	rootObject = E9DACBF9FF88E63B47827C42 /* Project object */;
}
