<?xml version="1.0" encoding="UTF-8"?>
<Scheme
   LastUpgradeVersion = "1600"
   version = "1.7">
   <BuildAction
      parallelizeBuildables = "YES"
      buildImplicitDependencies = "YES">
      <BuildActionEntries>
         <BuildActionEntry
            buildForTesting = "YES"
            buildForRunning = "YES"
            buildForProfiling = "YES"
            buildForArchiving = "YES"
            buildForAnalyzing = "YES">
            <BuildableReference
               BuildableIdentifier = "primary"
               BlueprintIdentifier = "7FC86D673E3A6AD5973316D5"
               BuildableName = "MissingConfig.app"
               BlueprintName = "MissingConfig"
               ReferencedContainer = "container:MissingConfig.xcodeproj">
            </BuildableReference>
         </BuildActionEntry>
      </BuildActionEntries>
   </BuildAction>
   <LaunchAction
      buildConfiguration = "Debug"
      launchStyle = "0">
   </LaunchAction>
   <ArchiveAction
      buildConfiguration = "Debug"
      revealArchiveInOrganizer = "YES">
   </ArchiveAction>
</Scheme>
